{
  "version": 4,
  "terraform_version": "1.0.9",
  "serial": 12,
  "lineage": "56f2476b-64a5-7a74-fbdf-82385f6afac2",
  "outputs": {},
  "resources": [
    {
      "mode": "managed",
      "type": "google_compute_instance",
      "name": "default",
      "provider": "provider[\"registry.terraform.io/hashicorp/google\"]",
      "instances": [
        {
          "schema_version": 6,
          "attributes": {
            "advanced_machine_features": [],
            "allow_stopping_for_update": null,
            "attached_disk": [],
            "boot_disk": [
              {
                "auto_delete": true,
                "device_name": "persistent-disk-0",
                "disk_encryption_key_raw": "",
                "disk_encryption_key_sha256": "",
                "initialize_params": [
                  {
                    "image": "https://www.googleapis.com/compute/v1/projects/debian-cloud/global/images/debian-9-stretch-v20211105",
                    "labels": {},
                    "size": 10,
                    "type": "pd-standard"
                  }
                ],
                "kms_key_self_link": "",
                "mode": "READ_WRITE",
                "source": "https://www.googleapis.com/compute/v1/projects/ferrous-biplane-329406/zones/us-central1-a/disks/test"
              }
            ],
            "can_ip_forward": false,
            "confidential_instance_config": [],
            "cpu_platform": "Intel Broadwell",
            "current_status": "RUNNING",
            "deletion_protection": false,
            "description": "",
            "desired_status": null,
            "enable_display": false,
            "guest_accelerator": [],
            "hostname": "",
            "id": "projects/ferrous-biplane-329406/zones/us-central1-a/instances/test",
            "instance_id": "695953763661268254",
            "label_fingerprint": "42WmSpB8rSM=",
            "labels": {},
            "machine_type": "e2-medium",
            "metadata": {},
            "metadata_fingerprint": "FJ1cBh_FdpU=",
            "metadata_startup_script": null,
            "min_cpu_platform": "",
            "name": "test",
            "network_interface": [
              {
                "access_config": [
                  {
                    "nat_ip": "34.134.130.10",
                    "network_tier": "PREMIUM",
                    "public_ptr_domain_name": ""
                  }
                ],
                "alias_ip_range": [],
                "ipv6_access_config": [],
                "ipv6_access_type": "",
                "name": "nic0",
                "network": "https://www.googleapis.com/compute/v1/projects/ferrous-biplane-329406/global/networks/default",
                "network_ip": "10.128.0.5",
                "nic_type": "",
                "stack_type": "IPV4_ONLY",
                "subnetwork": "https://www.googleapis.com/compute/v1/projects/ferrous-biplane-329406/regions/us-central1/subnetworks/default",
                "subnetwork_project": "ferrous-biplane-329406"
              }
            ],
            "project": "ferrous-biplane-329406",
            "reservation_affinity": [],
            "resource_policies": [],
            "scheduling": [
              {
                "automatic_restart": true,
                "min_node_cpus": 0,
                "node_affinities": [],
                "on_host_maintenance": "MIGRATE",
                "preemptible": false
              }
            ],
            "scratch_disk": [],
            "self_link": "https://www.googleapis.com/compute/v1/projects/ferrous-biplane-329406/zones/us-central1-a/instances/test",
            "service_account": [],
            "shielded_instance_config": [],
            "tags": [
              "bar",
              "foo"
            ],
            "tags_fingerprint": "1gqCRgrww4E=",
            "timeouts": null,
            "zone": "us-central1-a"
          },
          "sensitive_attributes": [],
          "private": "eyJlMmJmYjczMC1lY2FhLTExZTYtOGY4OC0zNDM2M2JjN2M0YzAiOnsiY3JlYXRlIjoxMjAwMDAwMDAwMDAwLCJkZWxldGUiOjEyMDAwMDAwMDAwMDAsInVwZGF0ZSI6MTIwMDAwMDAwMDAwMH0sInNjaGVtYV92ZXJzaW9uIjoiNiJ9"
        }
      ]
    },
    {
      "mode": "managed",
      "type": "google_compute_network",
      "name": "private-net",
      "provider": "provider[\"registry.terraform.io/hashicorp/google\"]",
      "instances": [
        {
          "schema_version": 0,
          "attributes": {
            "auto_create_subnetworks": false,
            "delete_default_routes_on_create": false,
            "description": "",
            "gateway_ipv4": "",
            "id": "projects/ferrous-biplane-329406/global/networks/private-net",
            "mtu": 0,
            "name": "private-net",
            "project": "ferrous-biplane-329406",
            "routing_mode": "REGIONAL",
            "self_link": "https://www.googleapis.com/compute/v1/projects/ferrous-biplane-329406/global/networks/private-net",
            "timeouts": null
          },
          "sensitive_attributes": [],
          "private": "eyJlMmJmYjczMC1lY2FhLTExZTYtOGY4OC0zNDM2M2JjN2M0YzAiOnsiY3JlYXRlIjoyNDAwMDAwMDAwMDAsImRlbGV0ZSI6MjQwMDAwMDAwMDAwLCJ1cGRhdGUiOjI0MDAwMDAwMDAwMH19"
        }
      ]
    },
    {
      "mode": "managed",
      "type": "google_compute_subnetwork",
      "name": "private",
      "provider": "provider[\"registry.terraform.io/hashicorp/google\"]",
      "instances": [
        {
          "schema_version": 0,
          "attributes": {
            "creation_timestamp": "2021-11-11T21:36:16.751-08:00",
            "description": "",
            "external_ipv6_prefix": "",
            "fingerprint": null,
            "gateway_address": "10.0.1.1",
            "id": "projects/ferrous-biplane-329406/regions/us-central1/subnetworks/private",
            "ip_cidr_range": "10.0.1.0/24",
            "ipv6_access_type": "",
            "ipv6_cidr_range": "",
            "log_config": [],
            "name": "private",
            "network": "https://www.googleapis.com/compute/v1/projects/ferrous-biplane-329406/global/networks/private-net",
            "private_ip_google_access": false,
            "private_ipv6_google_access": "DISABLE_GOOGLE_ACCESS",
            "project": "ferrous-biplane-329406",
            "purpose": "PRIVATE",
            "region": "us-central1",
            "role": "",
            "secondary_ip_range": [],
            "self_link": "https://www.googleapis.com/compute/v1/projects/ferrous-biplane-329406/regions/us-central1/subnetworks/private",
            "stack_type": "IPV4_ONLY",
            "timeouts": null
          },
          "sensitive_attributes": [],
          "private": "eyJlMmJmYjczMC1lY2FhLTExZTYtOGY4OC0zNDM2M2JjN2M0YzAiOnsiY3JlYXRlIjozNjAwMDAwMDAwMDAsImRlbGV0ZSI6MzYwMDAwMDAwMDAwLCJ1cGRhdGUiOjM2MDAwMDAwMDAwMH19",
          "dependencies": [
            "google_compute_network.private-net"
          ]
        }
      ]
    }
  ]
}
